Microsoft Visual Studio Solution File, Format Version 12.00
# Visual Studio Version 17
VisualStudioVersion = 17.5.2.0
MinimumVisualStudioVersion = 10.0.40219.1
Project("{FAE04EC0-301F-11D3-BF4B-00C04F79EFBC}") = "MyDayPlannerAgent", "MyDayPlannerAgent.csproj", "{B818B2C3-0A6D-CE31-2904-0B9905114DC7}"
EndProject
Global
	GlobalSection(SolutionConfigurationPlatforms) = preSolution
		Debug|Any CPU = Debug|Any CPU
		Release|Any CPU = Release|Any CPU
	EndGlobalSection
	GlobalSection(ProjectConfigurationPlatforms) = postSolution
		{B818B2C3-0A6D-CE31-2904-0B9905114DC7}.Debug|Any CPU.ActiveCfg = Debug|Any CPU
		{B818B2C3-0A6D-CE31-2904-0B9905114DC7}.Debug|Any CPU.Build.0 = Debug|Any CPU
		{B818B2C3-0A6D-CE31-2904-0B9905114DC7}.Release|Any CPU.ActiveCfg = Release|Any CPU
		{B818B2C3-0A6D-CE31-2904-0B9905114DC7}.Release|Any CPU.Build.0 = Release|Any CPU
	EndGlobalSection
	GlobalSection(SolutionProperties) = preSolution
		HideSolutionNode = FALSE
	EndGlobalSection
	GlobalSection(ExtensibilityGlobals) = postSolution
		SolutionGuid = {3ED9034B-0EA6-4176-8614-C6E864367456}
	EndGlobalSection
EndGlobal
